
Microsoft Visual Studio Solution File, Format Version 12.00
# Visual Studio 15
VisualStudioVersion = 15.0.28307.168
MinimumVisualStudioVersion = 10.0.40219.1
Project("{FAE04EC0-301F-11D3-BF4B-00C04F79EFBC}") = "GsDevTools", "GsDevTools\GsDevTools.csproj", "{9C304CF3-CC05-4D32-9E86-B43CD7EFCEA0}"
EndProject
Global
	GlobalSection(SolutionConfigurationPlatforms) = preSolution
		Debug|Any CPU = Debug|Any CPU
		Release|Any CPU = Release|Any CPU
	EndGlobalSection
	GlobalSection(ProjectConfigurationPlatforms) = postSolution
		{9C304CF3-CC05-4D32-9E86-B43CD7EFCEA0}.Debug|Any CPU.ActiveCfg = Debug|Any CPU
		{9C304CF3-CC05-4D32-9E86-B43CD7EFCEA0}.Debug|Any CPU.Build.0 = Debug|Any CPU
		{9C304CF3-CC05-4D32-9E86-B43CD7EFCEA0}.Release|Any CPU.ActiveCfg = Release|Any CPU
		{9C304CF3-CC05-4D32-9E86-B43CD7EFCEA0}.Release|Any CPU.Build.0 = Release|Any CPU
	EndGlobalSection
	GlobalSection(SolutionProperties) = preSolution
		HideSolutionNode = FALSE
	EndGlobalSection
	GlobalSection(ExtensibilityGlobals) = postSolution
		SolutionGuid = {A27A7651-BF8A-482B-AC64-E49E19846D6B}
	EndGlobalSection
EndGlobal
